
Microsoft Visual Studio Solution File, Format Version 12.00
# Visual Studio Version 17
VisualStudioVersion = 17.7.34024.191
MinimumVisualStudioVersion = 10.0.40219.1
Project("{FAE04EC0-301F-11D3-BF4B-00C04F79EFBC}") = "Bee1115", "Bee1115\Bee1115.csproj", "{6F901539-19AC-4809-913A-F7FCCF9ADCE1}"
EndProject
Global
	GlobalSection(SolutionConfigurationPlatforms) = preSolution
		Debug|Any CPU = Debug|Any CPU
		Release|Any CPU = Release|Any CPU
	EndGlobalSection
	GlobalSection(ProjectConfigurationPlatforms) = postSolution
		{6F901539-19AC-4809-913A-F7FCCF9ADCE1}.Debug|Any CPU.ActiveCfg = Debug|Any CPU
		{6F901539-19AC-4809-913A-F7FCCF9ADCE1}.Debug|Any CPU.Build.0 = Debug|Any CPU
		{6F901539-19AC-4809-913A-F7FCCF9ADCE1}.Release|Any CPU.ActiveCfg = Release|Any CPU
		{6F901539-19AC-4809-913A-F7FCCF9ADCE1}.Release|Any CPU.Build.0 = Release|Any CPU
	EndGlobalSection
	GlobalSection(SolutionProperties) = preSolution
		HideSolutionNode = FALSE
	EndGlobalSection
	GlobalSection(ExtensibilityGlobals) = postSolution
		SolutionGuid = {C57C289E-4980-4B1A-8C8B-D91718A3148F}
	EndGlobalSection
EndGlobal
