
Microsoft Visual Studio Solution File, Format Version 12.00
# Visual Studio Version 17
VisualStudioVersion = 17.6.33712.159
MinimumVisualStudioVersion = 10.0.40219.1
Project("{FAE04EC0-301F-11D3-BF4B-00C04F79EFBC}") = "8-EntradaDeDados_Parte-2", "8-EntradaDeDados_Parte-2\8-EntradaDeDados_Parte-2.csproj", "{3C3A034B-E946-4150-9E40-A9C1804ED481}"
EndProject
Global
	GlobalSection(SolutionConfigurationPlatforms) = preSolution
		Debug|Any CPU = Debug|Any CPU
		Release|Any CPU = Release|Any CPU
	EndGlobalSection
	GlobalSection(ProjectConfigurationPlatforms) = postSolution
		{3C3A034B-E946-4150-9E40-A9C1804ED481}.Debug|Any CPU.ActiveCfg = Debug|Any CPU
		{3C3A034B-E946-4150-9E40-A9C1804ED481}.Debug|Any CPU.Build.0 = Debug|Any CPU
		{3C3A034B-E946-4150-9E40-A9C1804ED481}.Release|Any CPU.ActiveCfg = Release|Any CPU
		{3C3A034B-E946-4150-9E40-A9C1804ED481}.Release|Any CPU.Build.0 = Release|Any CPU
	EndGlobalSection
	GlobalSection(SolutionProperties) = preSolution
		HideSolutionNode = FALSE
	EndGlobalSection
	GlobalSection(ExtensibilityGlobals) = postSolution
		SolutionGuid = {A4863C1F-3ABD-4142-8059-6EA74A2EE811}
	EndGlobalSection
EndGlobal
