
Microsoft Visual Studio Solution File, Format Version 12.00
# Visual Studio Version 17
VisualStudioVersion = 17.7.34024.191
MinimumVisualStudioVersion = 10.0.40219.1
Project("{FAE04EC0-301F-11D3-BF4B-00C04F79EFBC}") = "Bee1060", "Bee1060\Bee1060.csproj", "{EB7D5D01-425A-4316-87DE-923F7BE5CA3C}"
EndProject
Global
	GlobalSection(SolutionConfigurationPlatforms) = preSolution
		Debug|Any CPU = Debug|Any CPU
		Release|Any CPU = Release|Any CPU
	EndGlobalSection
	GlobalSection(ProjectConfigurationPlatforms) = postSolution
		{EB7D5D01-425A-4316-87DE-923F7BE5CA3C}.Debug|Any CPU.ActiveCfg = Debug|Any CPU
		{EB7D5D01-425A-4316-87DE-923F7BE5CA3C}.Debug|Any CPU.Build.0 = Debug|Any CPU
		{EB7D5D01-425A-4316-87DE-923F7BE5CA3C}.Release|Any CPU.ActiveCfg = Release|Any CPU
		{EB7D5D01-425A-4316-87DE-923F7BE5CA3C}.Release|Any CPU.Build.0 = Release|Any CPU
	EndGlobalSection
	GlobalSection(SolutionProperties) = preSolution
		HideSolutionNode = FALSE
	EndGlobalSection
	GlobalSection(ExtensibilityGlobals) = postSolution
		SolutionGuid = {F77CF3CD-350D-4E4E-8F03-641E78D1BB60}
	EndGlobalSection
EndGlobal
