
Microsoft Visual Studio Solution File, Format Version 12.00
# Visual Studio Version 17
VisualStudioVersion = 17.7.34024.191
MinimumVisualStudioVersion = 10.0.40219.1
Project("{FAE04EC0-301F-11D3-BF4B-00C04F79EFBC}") = "Bee1052", "Bee1052\Bee1052.csproj", "{EB74DCEE-F8A8-4C41-9B51-4CF0F70DFDEA}"
EndProject
Global
	GlobalSection(SolutionConfigurationPlatforms) = preSolution
		Debug|Any CPU = Debug|Any CPU
		Release|Any CPU = Release|Any CPU
	EndGlobalSection
	GlobalSection(ProjectConfigurationPlatforms) = postSolution
		{EB74DCEE-F8A8-4C41-9B51-4CF0F70DFDEA}.Debug|Any CPU.ActiveCfg = Debug|Any CPU
		{EB74DCEE-F8A8-4C41-9B51-4CF0F70DFDEA}.Debug|Any CPU.Build.0 = Debug|Any CPU
		{EB74DCEE-F8A8-4C41-9B51-4CF0F70DFDEA}.Release|Any CPU.ActiveCfg = Release|Any CPU
		{EB74DCEE-F8A8-4C41-9B51-4CF0F70DFDEA}.Release|Any CPU.Build.0 = Release|Any CPU
	EndGlobalSection
	GlobalSection(SolutionProperties) = preSolution
		HideSolutionNode = FALSE
	EndGlobalSection
	GlobalSection(ExtensibilityGlobals) = postSolution
		SolutionGuid = {E98911D1-C9B6-49FB-AE21-2056A88D4F04}
	EndGlobalSection
EndGlobal
