
Microsoft Visual Studio Solution File, Format Version 12.00
# Visual Studio Version 17
VisualStudioVersion = 17.7.34031.279
MinimumVisualStudioVersion = 10.0.40219.1
Project("{FAE04EC0-301F-11D3-BF4B-00C04F79EFBC}") = "Exercicio8", "Exercicio8\Exercicio8.csproj", "{785BA7D3-D628-47C7-9903-9B1C3126402E}"
EndProject
Global
	GlobalSection(SolutionConfigurationPlatforms) = preSolution
		Debug|Any CPU = Debug|Any CPU
		Release|Any CPU = Release|Any CPU
	EndGlobalSection
	GlobalSection(ProjectConfigurationPlatforms) = postSolution
		{785BA7D3-D628-47C7-9903-9B1C3126402E}.Debug|Any CPU.ActiveCfg = Debug|Any CPU
		{785BA7D3-D628-47C7-9903-9B1C3126402E}.Debug|Any CPU.Build.0 = Debug|Any CPU
		{785BA7D3-D628-47C7-9903-9B1C3126402E}.Release|Any CPU.ActiveCfg = Release|Any CPU
		{785BA7D3-D628-47C7-9903-9B1C3126402E}.Release|Any CPU.Build.0 = Release|Any CPU
	EndGlobalSection
	GlobalSection(SolutionProperties) = preSolution
		HideSolutionNode = FALSE
	EndGlobalSection
	GlobalSection(ExtensibilityGlobals) = postSolution
		SolutionGuid = {A45D87CB-797A-4286-A076-1C0B1E4DB3F0}
	EndGlobalSection
EndGlobal
