
Microsoft Visual Studio Solution File, Format Version 12.00
# Visual Studio Version 17
VisualStudioVersion = 17.6.33712.159
MinimumVisualStudioVersion = 10.0.40219.1
Project("{FAE04EC0-301F-11D3-BF4B-00C04F79EFBC}") = "1-HelloWorld", "1-HelloWorld\1-HelloWorld.csproj", "{711CE24E-DDCF-4D7B-9641-7352AEC18401}"
EndProject
Global
	GlobalSection(SolutionConfigurationPlatforms) = preSolution
		Debug|Any CPU = Debug|Any CPU
		Release|Any CPU = Release|Any CPU
	EndGlobalSection
	GlobalSection(ProjectConfigurationPlatforms) = postSolution
		{711CE24E-DDCF-4D7B-9641-7352AEC18401}.Debug|Any CPU.ActiveCfg = Debug|Any CPU
		{711CE24E-DDCF-4D7B-9641-7352AEC18401}.Debug|Any CPU.Build.0 = Debug|Any CPU
		{711CE24E-DDCF-4D7B-9641-7352AEC18401}.Release|Any CPU.ActiveCfg = Release|Any CPU
		{711CE24E-DDCF-4D7B-9641-7352AEC18401}.Release|Any CPU.Build.0 = Release|Any CPU
	EndGlobalSection
	GlobalSection(SolutionProperties) = preSolution
		HideSolutionNode = FALSE
	EndGlobalSection
	GlobalSection(ExtensibilityGlobals) = postSolution
		SolutionGuid = {90519D12-C22B-4C40-A71A-CB01DCF01BFE}
	EndGlobalSection
EndGlobal
