
Microsoft Visual Studio Solution File, Format Version 12.00
# Visual Studio Version 17
VisualStudioVersion = 17.7.34024.191
MinimumVisualStudioVersion = 10.0.40219.1
Project("{FAE04EC0-301F-11D3-BF4B-00C04F79EFBC}") = "Bee1131", "Bee1131\Bee1131.csproj", "{2C81C757-4604-49BD-9813-1CCCCBD3A2CA}"
EndProject
Global
	GlobalSection(SolutionConfigurationPlatforms) = preSolution
		Debug|Any CPU = Debug|Any CPU
		Release|Any CPU = Release|Any CPU
	EndGlobalSection
	GlobalSection(ProjectConfigurationPlatforms) = postSolution
		{2C81C757-4604-49BD-9813-1CCCCBD3A2CA}.Debug|Any CPU.ActiveCfg = Debug|Any CPU
		{2C81C757-4604-49BD-9813-1CCCCBD3A2CA}.Debug|Any CPU.Build.0 = Debug|Any CPU
		{2C81C757-4604-49BD-9813-1CCCCBD3A2CA}.Release|Any CPU.ActiveCfg = Release|Any CPU
		{2C81C757-4604-49BD-9813-1CCCCBD3A2CA}.Release|Any CPU.Build.0 = Release|Any CPU
	EndGlobalSection
	GlobalSection(SolutionProperties) = preSolution
		HideSolutionNode = FALSE
	EndGlobalSection
	GlobalSection(ExtensibilityGlobals) = postSolution
		SolutionGuid = {DF2DEF44-F800-4BC7-8D82-E93549B801F5}
	EndGlobalSection
EndGlobal
