
Microsoft Visual Studio Solution File, Format Version 12.00
# Visual Studio Version 17
VisualStudioVersion = 17.7.34024.191
MinimumVisualStudioVersion = 10.0.40219.1
Project("{FAE04EC0-301F-11D3-BF4B-00C04F79EFBC}") = "Bee1080", "Bee1080\Bee1080.csproj", "{09FF8A01-0768-4696-A95C-97C6CA698682}"
EndProject
Global
	GlobalSection(SolutionConfigurationPlatforms) = preSolution
		Debug|Any CPU = Debug|Any CPU
		Release|Any CPU = Release|Any CPU
	EndGlobalSection
	GlobalSection(ProjectConfigurationPlatforms) = postSolution
		{09FF8A01-0768-4696-A95C-97C6CA698682}.Debug|Any CPU.ActiveCfg = Debug|Any CPU
		{09FF8A01-0768-4696-A95C-97C6CA698682}.Debug|Any CPU.Build.0 = Debug|Any CPU
		{09FF8A01-0768-4696-A95C-97C6CA698682}.Release|Any CPU.ActiveCfg = Release|Any CPU
		{09FF8A01-0768-4696-A95C-97C6CA698682}.Release|Any CPU.Build.0 = Release|Any CPU
	EndGlobalSection
	GlobalSection(SolutionProperties) = preSolution
		HideSolutionNode = FALSE
	EndGlobalSection
	GlobalSection(ExtensibilityGlobals) = postSolution
		SolutionGuid = {EE41C7BF-96F7-41E6-891D-B39F5EF469B6}
	EndGlobalSection
EndGlobal
