
Microsoft Visual Studio Solution File, Format Version 12.00
# Visual Studio Version 17
VisualStudioVersion = 17.7.34024.191
MinimumVisualStudioVersion = 10.0.40219.1
Project("{FAE04EC0-301F-11D3-BF4B-00C04F79EFBC}") = "ExercicioExemplo2", "ExercicioExemplo2\ExercicioExemplo2.csproj", "{0F2BF09E-2774-4879-82D4-B4A6760BF152}"
EndProject
Global
	GlobalSection(SolutionConfigurationPlatforms) = preSolution
		Debug|Any CPU = Debug|Any CPU
		Release|Any CPU = Release|Any CPU
	EndGlobalSection
	GlobalSection(ProjectConfigurationPlatforms) = postSolution
		{0F2BF09E-2774-4879-82D4-B4A6760BF152}.Debug|Any CPU.ActiveCfg = Debug|Any CPU
		{0F2BF09E-2774-4879-82D4-B4A6760BF152}.Debug|Any CPU.Build.0 = Debug|Any CPU
		{0F2BF09E-2774-4879-82D4-B4A6760BF152}.Release|Any CPU.ActiveCfg = Release|Any CPU
		{0F2BF09E-2774-4879-82D4-B4A6760BF152}.Release|Any CPU.Build.0 = Release|Any CPU
	EndGlobalSection
	GlobalSection(SolutionProperties) = preSolution
		HideSolutionNode = FALSE
	EndGlobalSection
	GlobalSection(ExtensibilityGlobals) = postSolution
		SolutionGuid = {20C3444D-420C-4FDF-8B52-07726F702BAE}
	EndGlobalSection
EndGlobal
