
Microsoft Visual Studio Solution File, Format Version 12.00
# Visual Studio Version 17
VisualStudioVersion = 17.7.34024.191
MinimumVisualStudioVersion = 10.0.40219.1
Project("{FAE04EC0-301F-11D3-BF4B-00C04F79EFBC}") = "Bee1075", "Bee1075\Bee1075.csproj", "{032BE18B-BB3C-4BB4-955F-2457186F13A1}"
EndProject
Global
	GlobalSection(SolutionConfigurationPlatforms) = preSolution
		Debug|Any CPU = Debug|Any CPU
		Release|Any CPU = Release|Any CPU
	EndGlobalSection
	GlobalSection(ProjectConfigurationPlatforms) = postSolution
		{032BE18B-BB3C-4BB4-955F-2457186F13A1}.Debug|Any CPU.ActiveCfg = Debug|Any CPU
		{032BE18B-BB3C-4BB4-955F-2457186F13A1}.Debug|Any CPU.Build.0 = Debug|Any CPU
		{032BE18B-BB3C-4BB4-955F-2457186F13A1}.Release|Any CPU.ActiveCfg = Release|Any CPU
		{032BE18B-BB3C-4BB4-955F-2457186F13A1}.Release|Any CPU.Build.0 = Release|Any CPU
	EndGlobalSection
	GlobalSection(SolutionProperties) = preSolution
		HideSolutionNode = FALSE
	EndGlobalSection
	GlobalSection(ExtensibilityGlobals) = postSolution
		SolutionGuid = {4AF38F82-80AE-4CA5-9FFD-A423DA44ED80}
	EndGlobalSection
EndGlobal
