
Microsoft Visual Studio Solution File, Format Version 12.00
# Visual Studio Version 17
VisualStudioVersion = 17.7.34024.191
MinimumVisualStudioVersion = 10.0.40219.1
Project("{FAE04EC0-301F-11D3-BF4B-00C04F79EFBC}") = "Bee1043", "Bee1043\Bee1043.csproj", "{34E15602-CB75-48A9-8C57-1019CDA774ED}"
EndProject
Global
	GlobalSection(SolutionConfigurationPlatforms) = preSolution
		Debug|Any CPU = Debug|Any CPU
		Release|Any CPU = Release|Any CPU
	EndGlobalSection
	GlobalSection(ProjectConfigurationPlatforms) = postSolution
		{34E15602-CB75-48A9-8C57-1019CDA774ED}.Debug|Any CPU.ActiveCfg = Debug|Any CPU
		{34E15602-CB75-48A9-8C57-1019CDA774ED}.Debug|Any CPU.Build.0 = Debug|Any CPU
		{34E15602-CB75-48A9-8C57-1019CDA774ED}.Release|Any CPU.ActiveCfg = Release|Any CPU
		{34E15602-CB75-48A9-8C57-1019CDA774ED}.Release|Any CPU.Build.0 = Release|Any CPU
	EndGlobalSection
	GlobalSection(SolutionProperties) = preSolution
		HideSolutionNode = FALSE
	EndGlobalSection
	GlobalSection(ExtensibilityGlobals) = postSolution
		SolutionGuid = {24753AEB-6A34-40ED-B8CF-BDCDE0C16B0B}
	EndGlobalSection
EndGlobal
