
Microsoft Visual Studio Solution File, Format Version 12.00
# Visual Studio Version 17
VisualStudioVersion = 17.6.33712.159
MinimumVisualStudioVersion = 10.0.40219.1
Project("{FAE04EC0-301F-11D3-BF4B-00C04F79EFBC}") = "3-ProceDadosEcasting", "3-ProceDadosEcasting\3-ProceDadosEcasting.csproj", "{800E9289-B284-42F1-8ED3-AC69E1C3A68B}"
EndProject
Global
	GlobalSection(SolutionConfigurationPlatforms) = preSolution
		Debug|Any CPU = Debug|Any CPU
		Release|Any CPU = Release|Any CPU
	EndGlobalSection
	GlobalSection(ProjectConfigurationPlatforms) = postSolution
		{800E9289-B284-42F1-8ED3-AC69E1C3A68B}.Debug|Any CPU.ActiveCfg = Debug|Any CPU
		{800E9289-B284-42F1-8ED3-AC69E1C3A68B}.Debug|Any CPU.Build.0 = Debug|Any CPU
		{800E9289-B284-42F1-8ED3-AC69E1C3A68B}.Release|Any CPU.ActiveCfg = Release|Any CPU
		{800E9289-B284-42F1-8ED3-AC69E1C3A68B}.Release|Any CPU.Build.0 = Release|Any CPU
	EndGlobalSection
	GlobalSection(SolutionProperties) = preSolution
		HideSolutionNode = FALSE
	EndGlobalSection
	GlobalSection(ExtensibilityGlobals) = postSolution
		SolutionGuid = {A9FF7FBA-0065-4AFD-984A-DCEEC027744C}
	EndGlobalSection
EndGlobal
