
Microsoft Visual Studio Solution File, Format Version 12.00
# Visual Studio Version 17
VisualStudioVersion = 17.7.34024.191
MinimumVisualStudioVersion = 10.0.40219.1
Project("{FAE04EC0-301F-11D3-BF4B-00C04F79EFBC}") = "Bee1051", "Bee1051\Bee1051.csproj", "{77AF27A5-1323-4656-8597-F06724EC4B19}"
EndProject
Global
	GlobalSection(SolutionConfigurationPlatforms) = preSolution
		Debug|Any CPU = Debug|Any CPU
		Release|Any CPU = Release|Any CPU
	EndGlobalSection
	GlobalSection(ProjectConfigurationPlatforms) = postSolution
		{77AF27A5-1323-4656-8597-F06724EC4B19}.Debug|Any CPU.ActiveCfg = Debug|Any CPU
		{77AF27A5-1323-4656-8597-F06724EC4B19}.Debug|Any CPU.Build.0 = Debug|Any CPU
		{77AF27A5-1323-4656-8597-F06724EC4B19}.Release|Any CPU.ActiveCfg = Release|Any CPU
		{77AF27A5-1323-4656-8597-F06724EC4B19}.Release|Any CPU.Build.0 = Release|Any CPU
	EndGlobalSection
	GlobalSection(SolutionProperties) = preSolution
		HideSolutionNode = FALSE
	EndGlobalSection
	GlobalSection(ExtensibilityGlobals) = postSolution
		SolutionGuid = {FDF16B8F-0DD9-4A4B-87CD-B785DD2EACC1}
	EndGlobalSection
EndGlobal
